
Microsoft Visual Studio Solution File, Format Version 12.00
# Visual Studio 2012
Project("{FAE04EC0-301F-11D3-BF4B-00C04F79EFBC}") = "Pushover Plugin", "Pushover Plugin.csproj", "{CF9E00E1-4AAA-49F9-9508-012C1E5627B7}"
EndProject
Global
	GlobalSection(SolutionConfigurationPlatforms) = preSolution
		Debug|Any CPU = Debug|Any CPU
		Release|Any CPU = Release|Any CPU
	EndGlobalSection
	GlobalSection(ProjectConfigurationPlatforms) = postSolution
		{CF9E00E1-4AAA-49F9-9508-012C1E5627B7}.Debug|Any CPU.ActiveCfg = Debug|Any CPU
		{CF9E00E1-4AAA-49F9-9508-012C1E5627B7}.Debug|Any CPU.Build.0 = Debug|Any CPU
		{CF9E00E1-4AAA-49F9-9508-012C1E5627B7}.Release|Any CPU.ActiveCfg = Release|Any CPU
		{CF9E00E1-4AAA-49F9-9508-012C1E5627B7}.Release|Any CPU.Build.0 = Release|Any CPU
	EndGlobalSection
	GlobalSection(SolutionProperties) = preSolution
		HideSolutionNode = FALSE
	EndGlobalSection
EndGlobal
